
Microsoft Visual Studio Solution File, Format Version 12.00
# Visual Studio Version 17
VisualStudioVersion = 17.12.35527.113 d17.12
MinimumVisualStudioVersion = 10.0.40219.1
Project("{FAE04EC0-301F-11D3-BF4B-00C04F79EFBC}") = "LR1", "LR1\LR1.csproj", "{BE93EBA5-7D99-4C82-B62F-9A2D91168962}"
EndProject
Global
	GlobalSection(SolutionConfigurationPlatforms) = preSolution
		Debug|Any CPU = Debug|Any CPU
		Release|Any CPU = Release|Any CPU
	EndGlobalSection
	GlobalSection(ProjectConfigurationPlatforms) = postSolution
		{BE93EBA5-7D99-4C82-B62F-9A2D91168962}.Debug|Any CPU.ActiveCfg = Debug|Any CPU
		{BE93EBA5-7D99-4C82-B62F-9A2D91168962}.Debug|Any CPU.Build.0 = Debug|Any CPU
		{BE93EBA5-7D99-4C82-B62F-9A2D91168962}.Release|Any CPU.ActiveCfg = Release|Any CPU
		{BE93EBA5-7D99-4C82-B62F-9A2D91168962}.Release|Any CPU.Build.0 = Release|Any CPU
	EndGlobalSection
	GlobalSection(SolutionProperties) = preSolution
		HideSolutionNode = FALSE
	EndGlobalSection
EndGlobal
